{
  "name": "frontend-challenge",
  "version": "1.0.0",
  "lockfileVersion": 1,
  "requires": true,
  "dependencies": {
    "@uirouter/core": {
      "version": "5.0.3",
      "resolved": "https://registry.npmjs.org/@uirouter/core/-/core-5.0.3.tgz",
      "integrity": "sha1-4rWx5FGQ4gxnuk4VwBPeXU4MyrM="
    },
    "angular": {
      "version": "1.6.8",
      "resolved": "https://registry.npmjs.org/angular/-/angular-1.6.8.tgz",
      "integrity": "sha512-9WErZIOw1Cu1V5Yxdvxz/6YpND8ntdP71fdPpufPFJvZodZXqCjQBYrHqEoMZreO5i84O3D/Jw/vepoFt68Azw=="
    },
    "angular-animate": {
      "version": "1.6.8",
      "resolved": "https://registry.npmjs.org/angular-animate/-/angular-animate-1.6.8.tgz",
      "integrity": "sha512-zKaq9vtJ+QPV6q159mJkb6uKa3SiTe0PXj+W9WO3cDhLly8LuQHYRteAAD3/SqlS7GMq2SFlJvs7VQduPJpUQw=="
    },
    "angular-aria": {
      "version": "1.6.8",
      "resolved": "https://registry.npmjs.org/angular-aria/-/angular-aria-1.6.8.tgz",
      "integrity": "sha512-pJ24MO23zJXBmJ0X/0jkz0DtWthXTahwe4oLCrrbT6Jxtspf+FCYNTkBeC1c3fv+CNGal69NRUUMuujuRyqzeg=="
    },
    "angular-lint": {
      "version": "0.0.2",
      "resolved": "https://registry.npmjs.org/angular-lint/-/angular-lint-0.0.2.tgz",
      "integrity": "sha1-Pzv1wDrMahOEDsLTRdeh+LqGPoc=",
      "dev": true
    },
    "angular-material": {
      "version": "1.1.5",
      "resolved": "https://registry.npmjs.org/angular-material/-/angular-material-1.1.5.tgz",
      "integrity": "sha1-pUUM2CBeFadpHtw4lHYJTPhtWSs="
    },
    "angular-material-icons": {
      "version": "0.7.1",
      "resolved": "https://registry.npmjs.org/angular-material-icons/-/angular-material-icons-0.7.1.tgz",
      "integrity": "sha1-5eq0hTthwzH1j55+blS24dZeT5s=",
      "requires": {
        "angular": "1.6.8"
      }
    },
    "angular-messages": {
      "version": "1.6.8",
      "resolved": "https://registry.npmjs.org/angular-messages/-/angular-messages-1.6.8.tgz",
      "integrity": "sha512-t8t3RA26KLScraeeE0FF9wflYO3txs+ND1A1L3nXT73bI99WjRgesNoh6eXc6206lksP+zEvGQTG1q1VU3rafQ=="
    },
    "angular-ui-router": {
      "version": "1.0.3",
      "resolved": "https://registry.npmjs.org/angular-ui-router/-/angular-ui-router-1.0.3.tgz",
      "integrity": "sha1-vySUyq6Vw3zwGvN2HYl0fP7S20U=",
      "requires": {
        "@uirouter/core": "5.0.3"
      }
    },
    "lodash": {
      "version": "4.17.4",
      "resolved": "https://registry.npmjs.org/lodash/-/lodash-4.17.4.tgz",
      "integrity": "sha1-eCA6TRwyiuHYbcpkYONptX9AVa4="
    },
    "restangular": {
      "version": "1.6.1",
      "resolved": "https://registry.npmjs.org/restangular/-/restangular-1.6.1.tgz",
      "integrity": "sha1-rdF0PyfXewuKZS5khadgtiNO0CQ=",
      "requires": {
        "lodash": "4.17.4"
      }
    },
    "underscore": {
      "version": "1.8.3",
      "resolved": "https://registry.npmjs.org/underscore/-/underscore-1.8.3.tgz",
      "integrity": "sha1-Tz+1OxBuYJf8+ctBCfKl6b36UCI="
    }
  }
}
